// !$*UTF8*$!
{
	archiveVersion = 1;
	classes = {
	};
	objectVersion = 55;
	objects = {

/* Begin PBXBuildFile section */
		C15A868428EC3DB50076836E /* NYT_SwiftUIApp.swift in Sources */ = {isa = PBXBuildFile; fileRef = C15A868328EC3DB50076836E /* NYT_SwiftUIApp.swift */; };
		C15A868628EC3DB50076836E /* ContentView.swift in Sources */ = {isa = PBXBuildFile; fileRef = C15A868528EC3DB50076836E /* ContentView.swift */; };
		C15A868828EC3DB70076836E /* Assets.xcassets in Resources */ = {isa = PBXBuildFile; fileRef = C15A868728EC3DB70076836E /* Assets.xcassets */; };
		C15A868B28EC3DB70076836E /* Preview Assets.xcassets in Resources */ = {isa = PBXBuildFile; fileRef = C15A868A28EC3DB70076836E /* Preview Assets.xcassets */; };
		C15A868D28EC3DB70076836E /* Persistence.swift in Sources */ = {isa = PBXBuildFile; fileRef = C15A868C28EC3DB70076836E /* Persistence.swift */; };
		C15A869028EC3DB70076836E /* NYT_SwiftUI.xcdatamodeld in Sources */ = {isa = PBXBuildFile; fileRef = C15A868E28EC3DB70076836E /* NYT_SwiftUI.xcdatamodeld */; };
		C15A869928EC440B0076836E /* MainView.swift in Sources */ = {isa = PBXBuildFile; fileRef = C15A869828EC440B0076836E /* MainView.swift */; };
		C15A869B28EC45790076836E /* HomeView.swift in Sources */ = {isa = PBXBuildFile; fileRef = C15A869A28EC45790076836E /* HomeView.swift */; };
		C15A869D28EC45840076836E /* SportsView.swift in Sources */ = {isa = PBXBuildFile; fileRef = C15A869C28EC45840076836E /* SportsView.swift */; };
		C15A869F28EC458D0076836E /* ScienceView.swift in Sources */ = {isa = PBXBuildFile; fileRef = C15A869E28EC458D0076836E /* ScienceView.swift */; };
		C15A86A128EC4CA80076836E /* FavouritesView.swift in Sources */ = {isa = PBXBuildFile; fileRef = C15A86A028EC4CA80076836E /* FavouritesView.swift */; };
		C15A86A328EC4DE10076836E /* Constants.swift in Sources */ = {isa = PBXBuildFile; fileRef = C15A86A228EC4DE10076836E /* Constants.swift */; };
		C15A86A628EC65080076836E /* NewsArticleTableCell.swift in Sources */ = {isa = PBXBuildFile; fileRef = C15A86A528EC65080076836E /* NewsArticleTableCell.swift */; };
		C15C114E28F58F9B00F88A62 /* SportsViewModel.swift in Sources */ = {isa = PBXBuildFile; fileRef = C15C114D28F58F9B00F88A62 /* SportsViewModel.swift */; };
		C15C115028F58FA300F88A62 /* ScienceViewModel.swift in Sources */ = {isa = PBXBuildFile; fileRef = C15C114F28F58FA300F88A62 /* ScienceViewModel.swift */; };
		C181DEFC28ED7A9000190699 /* News.swift in Sources */ = {isa = PBXBuildFile; fileRef = C181DEFB28ED7A9000190699 /* News.swift */; };
		C181DEFE28ED7AAD00190699 /* Media.swift in Sources */ = {isa = PBXBuildFile; fileRef = C181DEFD28ED7AAD00190699 /* Media.swift */; };
		C181DF0328ED7F0000190699 /* NetworkLayer.swift in Sources */ = {isa = PBXBuildFile; fileRef = C181DF0228ED7F0000190699 /* NetworkLayer.swift */; };
		C181DF0628EDA7FA00190699 /* HomeViewModel.swift in Sources */ = {isa = PBXBuildFile; fileRef = C181DF0528EDA7FA00190699 /* HomeViewModel.swift */; };
/* End PBXBuildFile section */

/* Begin PBXFileReference section */
		C15A868028EC3DB50076836E /* NYT-SwiftUI.app */ = {isa = PBXFileReference; explicitFileType = wrapper.application; includeInIndex = 0; path = "NYT-SwiftUI.app"; sourceTree = BUILT_PRODUCTS_DIR; };
		C15A868328EC3DB50076836E /* NYT_SwiftUIApp.swift */ = {isa = PBXFileReference; lastKnownFileType = sourcecode.swift; path = NYT_SwiftUIApp.swift; sourceTree = "<group>"; };
		C15A868528EC3DB50076836E /* ContentView.swift */ = {isa = PBXFileReference; lastKnownFileType = sourcecode.swift; path = ContentView.swift; sourceTree = "<group>"; };
		C15A868728EC3DB70076836E /* Assets.xcassets */ = {isa = PBXFileReference; lastKnownFileType = folder.assetcatalog; path = Assets.xcassets; sourceTree = "<group>"; };
		C15A868A28EC3DB70076836E /* Preview Assets.xcassets */ = {isa = PBXFileReference; lastKnownFileType = folder.assetcatalog; path = "Preview Assets.xcassets"; sourceTree = "<group>"; };
		C15A868C28EC3DB70076836E /* Persistence.swift */ = {isa = PBXFileReference; lastKnownFileType = sourcecode.swift; path = Persistence.swift; sourceTree = "<group>"; };
		C15A868F28EC3DB70076836E /* NYT_SwiftUI.xcdatamodel */ = {isa = PBXFileReference; lastKnownFileType = wrapper.xcdatamodel; path = NYT_SwiftUI.xcdatamodel; sourceTree = "<group>"; };
		C15A869828EC440B0076836E /* MainView.swift */ = {isa = PBXFileReference; lastKnownFileType = sourcecode.swift; path = MainView.swift; sourceTree = "<group>"; };
		C15A869A28EC45790076836E /* HomeView.swift */ = {isa = PBXFileReference; lastKnownFileType = sourcecode.swift; path = HomeView.swift; sourceTree = "<group>"; };
		C15A869C28EC45840076836E /* SportsView.swift */ = {isa = PBXFileReference; lastKnownFileType = sourcecode.swift; path = SportsView.swift; sourceTree = "<group>"; };
		C15A869E28EC458D0076836E /* ScienceView.swift */ = {isa = PBXFileReference; lastKnownFileType = sourcecode.swift; path = ScienceView.swift; sourceTree = "<group>"; };
		C15A86A028EC4CA80076836E /* FavouritesView.swift */ = {isa = PBXFileReference; lastKnownFileType = sourcecode.swift; path = FavouritesView.swift; sourceTree = "<group>"; };
		C15A86A228EC4DE10076836E /* Constants.swift */ = {isa = PBXFileReference; lastKnownFileType = sourcecode.swift; path = Constants.swift; sourceTree = "<group>"; };
		C15A86A528EC65080076836E /* NewsArticleTableCell.swift */ = {isa = PBXFileReference; lastKnownFileType = sourcecode.swift; path = NewsArticleTableCell.swift; sourceTree = "<group>"; };
		C15C114D28F58F9B00F88A62 /* SportsViewModel.swift */ = {isa = PBXFileReference; lastKnownFileType = sourcecode.swift; path = SportsViewModel.swift; sourceTree = "<group>"; };
		C15C114F28F58FA300F88A62 /* ScienceViewModel.swift */ = {isa = PBXFileReference; lastKnownFileType = sourcecode.swift; path = ScienceViewModel.swift; sourceTree = "<group>"; };
		C181DEFB28ED7A9000190699 /* News.swift */ = {isa = PBXFileReference; lastKnownFileType = sourcecode.swift; path = News.swift; sourceTree = "<group>"; };
		C181DEFD28ED7AAD00190699 /* Media.swift */ = {isa = PBXFileReference; lastKnownFileType = sourcecode.swift; path = Media.swift; sourceTree = "<group>"; };
		C181DF0228ED7F0000190699 /* NetworkLayer.swift */ = {isa = PBXFileReference; lastKnownFileType = sourcecode.swift; path = NetworkLayer.swift; sourceTree = "<group>"; };
		C181DF0528EDA7FA00190699 /* HomeViewModel.swift */ = {isa = PBXFileReference; lastKnownFileType = sourcecode.swift; name = HomeViewModel.swift; path = "NYT-SwiftUI/ViewModels/HomeViewModel.swift"; sourceTree = SOURCE_ROOT; };
/* End PBXFileReference section */

/* Begin PBXFrameworksBuildPhase section */
		C15A867D28EC3DB50076836E /* Frameworks */ = {
			isa = PBXFrameworksBuildPhase;
			buildActionMask = 2147483647;
			files = (
			);
			runOnlyForDeploymentPostprocessing = 0;
		};
/* End PBXFrameworksBuildPhase section */

/* Begin PBXGroup section */
		C15A867728EC3DB50076836E = {
			isa = PBXGroup;
			children = (
				C15A868228EC3DB50076836E /* NYT-SwiftUI */,
				C15A868128EC3DB50076836E /* Products */,
			);
			sourceTree = "<group>";
		};
		C15A868128EC3DB50076836E /* Products */ = {
			isa = PBXGroup;
			children = (
				C15A868028EC3DB50076836E /* NYT-SwiftUI.app */,
			);
			name = Products;
			sourceTree = "<group>";
		};
		C15A868228EC3DB50076836E /* NYT-SwiftUI */ = {
			isa = PBXGroup;
			children = (
				C181DF0728EDA80700190699 /* ViewModels */,
				C181DF0128ED7ECF00190699 /* Network */,
				C15A86A428EC4DE70076836E /* Common */,
				C181DF0428ED7FAE00190699 /* Models */,
				C15A869728EC43CC0076836E /* Resources */,
				C15A869628EC3F450076836E /* Views */,
				C15A868928EC3DB70076836E /* Preview Content */,
			);
			path = "NYT-SwiftUI";
			sourceTree = "<group>";
		};
		C15A868928EC3DB70076836E /* Preview Content */ = {
			isa = PBXGroup;
			children = (
				C15A868A28EC3DB70076836E /* Preview Assets.xcassets */,
			);
			path = "Preview Content";
			sourceTree = "<group>";
		};
		C15A869628EC3F450076836E /* Views */ = {
			isa = PBXGroup;
			children = (
				C15A868528EC3DB50076836E /* ContentView.swift */,
				C15A86A528EC65080076836E /* NewsArticleTableCell.swift */,
				C15A869828EC440B0076836E /* MainView.swift */,
				C15A86A028EC4CA80076836E /* FavouritesView.swift */,
				C15A869A28EC45790076836E /* HomeView.swift */,
				C15A869C28EC45840076836E /* SportsView.swift */,
				C15A869E28EC458D0076836E /* ScienceView.swift */,
			);
			path = Views;
			sourceTree = "<group>";
		};
		C15A869728EC43CC0076836E /* Resources */ = {
			isa = PBXGroup;
			children = (
				C15A868328EC3DB50076836E /* NYT_SwiftUIApp.swift */,
				C15A868728EC3DB70076836E /* Assets.xcassets */,
				C15A868C28EC3DB70076836E /* Persistence.swift */,
				C15A868E28EC3DB70076836E /* NYT_SwiftUI.xcdatamodeld */,
			);
			path = Resources;
			sourceTree = "<group>";
		};
		C15A86A428EC4DE70076836E /* Common */ = {
			isa = PBXGroup;
			children = (
				C15A86A228EC4DE10076836E /* Constants.swift */,
			);
			path = Common;
			sourceTree = "<group>";
		};
		C181DF0128ED7ECF00190699 /* Network */ = {
			isa = PBXGroup;
			children = (
				C181DF0228ED7F0000190699 /* NetworkLayer.swift */,
			);
			path = Network;
			sourceTree = "<group>";
		};
		C181DF0428ED7FAE00190699 /* Models */ = {
			isa = PBXGroup;
			children = (
				C181DEFB28ED7A9000190699 /* News.swift */,
				C181DEFD28ED7AAD00190699 /* Media.swift */,
			);
			path = Models;
			sourceTree = "<group>";
		};
		C181DF0728EDA80700190699 /* ViewModels */ = {
			isa = PBXGroup;
			children = (
				C181DF0528EDA7FA00190699 /* HomeViewModel.swift */,
				C15C114D28F58F9B00F88A62 /* SportsViewModel.swift */,
				C15C114F28F58FA300F88A62 /* ScienceViewModel.swift */,
			);
			path = ViewModels;
			sourceTree = "<group>";
		};
/* End PBXGroup section */

/* Begin PBXNativeTarget section */
		C15A867F28EC3DB50076836E /* NYT-SwiftUI */ = {
			isa = PBXNativeTarget;
			buildConfigurationList = C15A869328EC3DB70076836E /* Build configuration list for PBXNativeTarget "NYT-SwiftUI" */;
			buildPhases = (
				C15A867C28EC3DB50076836E /* Sources */,
				C15A867D28EC3DB50076836E /* Frameworks */,
				C15A867E28EC3DB50076836E /* Resources */,
			);
			buildRules = (
			);
			dependencies = (
			);
			name = "NYT-SwiftUI";
			productName = "NYT-SwiftUI";
			productReference = C15A868028EC3DB50076836E /* NYT-SwiftUI.app */;
			productType = "com.apple.product-type.application";
		};
/* End PBXNativeTarget section */

/* Begin PBXProject section */
		C15A867828EC3DB50076836E /* Project object */ = {
			isa = PBXProject;
			attributes = {
				BuildIndependentTargetsInParallel = 1;
				LastSwiftUpdateCheck = 1340;
				LastUpgradeCheck = 1340;
				TargetAttributes = {
					C15A867F28EC3DB50076836E = {
						CreatedOnToolsVersion = 13.4.1;
					};
				};
			};
			buildConfigurationList = C15A867B28EC3DB50076836E /* Build configuration list for PBXProject "NYT-SwiftUI" */;
			compatibilityVersion = "Xcode 13.0";
			developmentRegion = en;
			hasScannedForEncodings = 0;
			knownRegions = (
				en,
				Base,
			);
			mainGroup = C15A867728EC3DB50076836E;
			productRefGroup = C15A868128EC3DB50076836E /* Products */;
			projectDirPath = "";
			projectRoot = "";
			targets = (
				C15A867F28EC3DB50076836E /* NYT-SwiftUI */,
			);
		};
/* End PBXProject section */

/* Begin PBXResourcesBuildPhase section */
		C15A867E28EC3DB50076836E /* Resources */ = {
			isa = PBXResourcesBuildPhase;
			buildActionMask = 2147483647;
			files = (
				C15A868B28EC3DB70076836E /* Preview Assets.xcassets in Resources */,
				C15A868828EC3DB70076836E /* Assets.xcassets in Resources */,
			);
			runOnlyForDeploymentPostprocessing = 0;
		};
/* End PBXResourcesBuildPhase section */

/* Begin PBXSourcesBuildPhase section */
		C15A867C28EC3DB50076836E /* Sources */ = {
			isa = PBXSourcesBuildPhase;
			buildActionMask = 2147483647;
			files = (
				C181DF0328ED7F0000190699 /* NetworkLayer.swift in Sources */,
				C15A868D28EC3DB70076836E /* Persistence.swift in Sources */,
				C15A86A128EC4CA80076836E /* FavouritesView.swift in Sources */,
				C15A869F28EC458D0076836E /* ScienceView.swift in Sources */,
				C15A869D28EC45840076836E /* SportsView.swift in Sources */,
				C15A869028EC3DB70076836E /* NYT_SwiftUI.xcdatamodeld in Sources */,
				C15A86A328EC4DE10076836E /* Constants.swift in Sources */,
				C15C114E28F58F9B00F88A62 /* SportsViewModel.swift in Sources */,
				C15C115028F58FA300F88A62 /* ScienceViewModel.swift in Sources */,
				C181DEFC28ED7A9000190699 /* News.swift in Sources */,
				C15A86A628EC65080076836E /* NewsArticleTableCell.swift in Sources */,
				C15A868628EC3DB50076836E /* ContentView.swift in Sources */,
				C15A869B28EC45790076836E /* HomeView.swift in Sources */,
				C181DEFE28ED7AAD00190699 /* Media.swift in Sources */,
				C15A869928EC440B0076836E /* MainView.swift in Sources */,
				C181DF0628EDA7FA00190699 /* HomeViewModel.swift in Sources */,
				C15A868428EC3DB50076836E /* NYT_SwiftUIApp.swift in Sources */,
			);
			runOnlyForDeploymentPostprocessing = 0;
		};
/* End PBXSourcesBuildPhase section */

/* Begin XCBuildConfiguration section */
		C15A869128EC3DB70076836E /* Debug */ = {
			isa = XCBuildConfiguration;
			buildSettings = {
				ALWAYS_SEARCH_USER_PATHS = NO;
				CLANG_ANALYZER_NONNULL = YES;
				CLANG_ANALYZER_NUMBER_OBJECT_CONVERSION = YES_AGGRESSIVE;
				CLANG_CXX_LANGUAGE_STANDARD = "gnu++17";
				CLANG_ENABLE_MODULES = YES;
				CLANG_ENABLE_OBJC_ARC = YES;
				CLANG_ENABLE_OBJC_WEAK = YES;
				CLANG_WARN_BLOCK_CAPTURE_AUTORELEASING = YES;
				CLANG_WARN_BOOL_CONVERSION = YES;
				CLANG_WARN_COMMA = YES;
				CLANG_WARN_CONSTANT_CONVERSION = YES;
				CLANG_WARN_DEPRECATED_OBJC_IMPLEMENTATIONS = YES;
				CLANG_WARN_DIRECT_OBJC_ISA_USAGE = YES_ERROR;
				CLANG_WARN_DOCUMENTATION_COMMENTS = YES;
				CLANG_WARN_EMPTY_BODY = YES;
				CLANG_WARN_ENUM_CONVERSION = YES;
				CLANG_WARN_INFINITE_RECURSION = YES;
				CLANG_WARN_INT_CONVERSION = YES;
				CLANG_WARN_NON_LITERAL_NULL_CONVERSION = YES;
				CLANG_WARN_OBJC_IMPLICIT_RETAIN_SELF = YES;
				CLANG_WARN_OBJC_LITERAL_CONVERSION = YES;
				CLANG_WARN_OBJC_ROOT_CLASS = YES_ERROR;
				CLANG_WARN_QUOTED_INCLUDE_IN_FRAMEWORK_HEADER = YES;
				CLANG_WARN_RANGE_LOOP_ANALYSIS = YES;
				CLANG_WARN_STRICT_PROTOTYPES = YES;
				CLANG_WARN_SUSPICIOUS_MOVE = YES;
				CLANG_WARN_UNGUARDED_AVAILABILITY = YES_AGGRESSIVE;
				CLANG_WARN_UNREACHABLE_CODE = YES;
				CLANG_WARN__DUPLICATE_METHOD_MATCH = YES;
				COPY_PHASE_STRIP = NO;
				DEBUG_INFORMATION_FORMAT = dwarf;
				ENABLE_STRICT_OBJC_MSGSEND = YES;
				ENABLE_TESTABILITY = YES;
				GCC_C_LANGUAGE_STANDARD = gnu11;
				GCC_DYNAMIC_NO_PIC = NO;
				GCC_NO_COMMON_BLOCKS = YES;
				GCC_OPTIMIZATION_LEVEL = 0;
				GCC_PREPROCESSOR_DEFINITIONS = (
					"DEBUG=1",
					"$(inherited)",
				);
				GCC_WARN_64_TO_32_BIT_CONVERSION = YES;
				GCC_WARN_ABOUT_RETURN_TYPE = YES_ERROR;
				GCC_WARN_UNDECLARED_SELECTOR = YES;
				GCC_WARN_UNINITIALIZED_AUTOS = YES_AGGRESSIVE;
				GCC_WARN_UNUSED_FUNCTION = YES;
				GCC_WARN_UNUSED_VARIABLE = YES;
				IPHONEOS_DEPLOYMENT_TARGET = 15.5;
				MTL_ENABLE_DEBUG_INFO = INCLUDE_SOURCE;
				MTL_FAST_MATH = YES;
				ONLY_ACTIVE_ARCH = YES;
				SDKROOT = iphoneos;
				SWIFT_ACTIVE_COMPILATION_CONDITIONS = DEBUG;
				SWIFT_OPTIMIZATION_LEVEL = "-Onone";
			};
			name = Debug;
		};
		C15A869228EC3DB70076836E /* Release */ = {
			isa = XCBuildConfiguration;
			buildSettings = {
				ALWAYS_SEARCH_USER_PATHS = NO;
				CLANG_ANALYZER_NONNULL = YES;
				CLANG_ANALYZER_NUMBER_OBJECT_CONVERSION = YES_AGGRESSIVE;
				CLANG_CXX_LANGUAGE_STANDARD = "gnu++17";
				CLANG_ENABLE_MODULES = YES;
				CLANG_ENABLE_OBJC_ARC = YES;
				CLANG_ENABLE_OBJC_WEAK = YES;
				CLANG_WARN_BLOCK_CAPTURE_AUTORELEASING = YES;
				CLANG_WARN_BOOL_CONVERSION = YES;
				CLANG_WARN_COMMA = YES;
				CLANG_WARN_CONSTANT_CONVERSION = YES;
				CLANG_WARN_DEPRECATED_OBJC_IMPLEMENTATIONS = YES;
				CLANG_WARN_DIRECT_OBJC_ISA_USAGE = YES_ERROR;
				CLANG_WARN_DOCUMENTATION_COMMENTS = YES;
				CLANG_WARN_EMPTY_BODY = YES;
				CLANG_WARN_ENUM_CONVERSION = YES;
				CLANG_WARN_INFINITE_RECURSION = YES;
				CLANG_WARN_INT_CONVERSION = YES;
				CLANG_WARN_NON_LITERAL_NULL_CONVERSION = YES;
				CLANG_WARN_OBJC_IMPLICIT_RETAIN_SELF = YES;
				CLANG_WARN_OBJC_LITERAL_CONVERSION = YES;
				CLANG_WARN_OBJC_ROOT_CLASS = YES_ERROR;
				CLANG_WARN_QUOTED_INCLUDE_IN_FRAMEWORK_HEADER = YES;
				CLANG_WARN_RANGE_LOOP_ANALYSIS = YES;
				CLANG_WARN_STRICT_PROTOTYPES = YES;
				CLANG_WARN_SUSPICIOUS_MOVE = YES;
				CLANG_WARN_UNGUARDED_AVAILABILITY = YES_AGGRESSIVE;
				CLANG_WARN_UNREACHABLE_CODE = YES;
				CLANG_WARN__DUPLICATE_METHOD_MATCH = YES;
				COPY_PHASE_STRIP = NO;
				DEBUG_INFORMATION_FORMAT = "dwarf-with-dsym";
				ENABLE_NS_ASSERTIONS = NO;
				ENABLE_STRICT_OBJC_MSGSEND = YES;
				GCC_C_LANGUAGE_STANDARD = gnu11;
				GCC_NO_COMMON_BLOCKS = YES;
				GCC_WARN_64_TO_32_BIT_CONVERSION = YES;
				GCC_WARN_ABOUT_RETURN_TYPE = YES_ERROR;
				GCC_WARN_UNDECLARED_SELECTOR = YES;
				GCC_WARN_UNINITIALIZED_AUTOS = YES_AGGRESSIVE;
				GCC_WARN_UNUSED_FUNCTION = YES;
				GCC_WARN_UNUSED_VARIABLE = YES;
				IPHONEOS_DEPLOYMENT_TARGET = 15.5;
				MTL_ENABLE_DEBUG_INFO = NO;
				MTL_FAST_MATH = YES;
				SDKROOT = iphoneos;
				SWIFT_COMPILATION_MODE = wholemodule;
				SWIFT_OPTIMIZATION_LEVEL = "-O";
				VALIDATE_PRODUCT = YES;
			};
			name = Release;
		};
		C15A869428EC3DB70076836E /* Debug */ = {
			isa = XCBuildConfiguration;
			buildSettings = {
				ASSETCATALOG_COMPILER_APPICON_NAME = AppIcon;
				ASSETCATALOG_COMPILER_GLOBAL_ACCENT_COLOR_NAME = AccentColor;
				CODE_SIGN_STYLE = Automatic;
				CURRENT_PROJECT_VERSION = 1;
				DEVELOPMENT_ASSET_PATHS = "\"NYT-SwiftUI/Preview Content\"";
				DEVELOPMENT_TEAM = 7JPKN2B7YP;
				ENABLE_PREVIEWS = YES;
				GENERATE_INFOPLIST_FILE = YES;
				INFOPLIST_KEY_UIApplicationSceneManifest_Generation = YES;
				INFOPLIST_KEY_UIApplicationSupportsIndirectInputEvents = YES;
				INFOPLIST_KEY_UILaunchScreen_Generation = YES;
				INFOPLIST_KEY_UISupportedInterfaceOrientations_iPad = "UIInterfaceOrientationPortrait UIInterfaceOrientationPortraitUpsideDown UIInterfaceOrientationLandscapeLeft UIInterfaceOrientationLandscapeRight";
				INFOPLIST_KEY_UISupportedInterfaceOrientations_iPhone = "UIInterfaceOrientationPortrait UIInterfaceOrientationLandscapeLeft UIInterfaceOrientationLandscapeRight";
				LD_RUNPATH_SEARCH_PATHS = (
					"$(inherited)",
					"@executable_path/Frameworks",
				);
				MARKETING_VERSION = 1.0;
				PRODUCT_BUNDLE_IDENTIFIER = "Hamza-Najib.NYT-SwiftUI";
				PRODUCT_NAME = "$(TARGET_NAME)";
				SWIFT_EMIT_LOC_STRINGS = YES;
				SWIFT_VERSION = 5.0;
				TARGETED_DEVICE_FAMILY = "1,2";
			};
			name = Debug;
		};
		C15A869528EC3DB70076836E /* Release */ = {
			isa = XCBuildConfiguration;
			buildSettings = {
				ASSETCATALOG_COMPILER_APPICON_NAME = AppIcon;
				ASSETCATALOG_COMPILER_GLOBAL_ACCENT_COLOR_NAME = AccentColor;
				CODE_SIGN_STYLE = Automatic;
				CURRENT_PROJECT_VERSION = 1;
				DEVELOPMENT_ASSET_PATHS = "\"NYT-SwiftUI/Preview Content\"";
				DEVELOPMENT_TEAM = 7JPKN2B7YP;
				ENABLE_PREVIEWS = YES;
				GENERATE_INFOPLIST_FILE = YES;
				INFOPLIST_KEY_UIApplicationSceneManifest_Generation = YES;
				INFOPLIST_KEY_UIApplicationSupportsIndirectInputEvents = YES;
				INFOPLIST_KEY_UILaunchScreen_Generation = YES;
				INFOPLIST_KEY_UISupportedInterfaceOrientations_iPad = "UIInterfaceOrientationPortrait UIInterfaceOrientationPortraitUpsideDown UIInterfaceOrientationLandscapeLeft UIInterfaceOrientationLandscapeRight";
				INFOPLIST_KEY_UISupportedInterfaceOrientations_iPhone = "UIInterfaceOrientationPortrait UIInterfaceOrientationLandscapeLeft UIInterfaceOrientationLandscapeRight";
				LD_RUNPATH_SEARCH_PATHS = (
					"$(inherited)",
					"@executable_path/Frameworks",
				);
				MARKETING_VERSION = 1.0;
				PRODUCT_BUNDLE_IDENTIFIER = "Hamza-Najib.NYT-SwiftUI";
				PRODUCT_NAME = "$(TARGET_NAME)";
				SWIFT_EMIT_LOC_STRINGS = YES;
				SWIFT_VERSION = 5.0;
				TARGETED_DEVICE_FAMILY = "1,2";
			};
			name = Release;
		};
/* End XCBuildConfiguration section */

/* Begin XCConfigurationList section */
		C15A867B28EC3DB50076836E /* Build configuration list for PBXProject "NYT-SwiftUI" */ = {
			isa = XCConfigurationList;
			buildConfigurations = (
				C15A869128EC3DB70076836E /* Debug */,
				C15A869228EC3DB70076836E /* Release */,
			);
			defaultConfigurationIsVisible = 0;
			defaultConfigurationName = Release;
		};
		C15A869328EC3DB70076836E /* Build configuration list for PBXNativeTarget "NYT-SwiftUI" */ = {
			isa = XCConfigurationList;
			buildConfigurations = (
				C15A869428EC3DB70076836E /* Debug */,
				C15A869528EC3DB70076836E /* Release */,
			);
			defaultConfigurationIsVisible = 0;
			defaultConfigurationName = Release;
		};
/* End XCConfigurationList section */

/* Begin XCVersionGroup section */
		C15A868E28EC3DB70076836E /* NYT_SwiftUI.xcdatamodeld */ = {
			isa = XCVersionGroup;
			children = (
				C15A868F28EC3DB70076836E /* NYT_SwiftUI.xcdatamodel */,
			);
			currentVersion = C15A868F28EC3DB70076836E /* NYT_SwiftUI.xcdatamodel */;
			path = NYT_SwiftUI.xcdatamodeld;
			sourceTree = "<group>";
			versionGroupType = wrapper.xcdatamodel;
		};
/* End XCVersionGroup section */
	};
	rootObject = C15A867828EC3DB50076836E /* Project object */;
}
